// !$*UTF8*$!
{
	archiveVersion = 1;
	classes = {
	};
	objectVersion = 50;
	objects = {

/* Begin PBXBuildFile section */
		EDEF61F5220CE6C8007D1536 /* AppDelegate.swift in Sources */ = {isa = PBXBuildFile; fileRef = EDEF61F4220CE6C8007D1536 /* AppDelegate.swift */; };
		EDEF61F7220CE6C8007D1536 /* ViewController.swift in Sources */ = {isa = PBXBuildFile; fileRef = EDEF61F6220CE6C8007D1536 /* ViewController.swift */; };
		EDEF61FA220CE6C8007D1536 /* Main.storyboard in Resources */ = {isa = PBXBuildFile; fileRef = EDEF61F8220CE6C8007D1536 /* Main.storyboard */; };
		EDEF61FC220CE6CA007D1536 /* Assets.xcassets in Resources */ = {isa = PBXBuildFile; fileRef = EDEF61FB220CE6CA007D1536 /* Assets.xcassets */; };
		EDEF61FF220CE6CA007D1536 /* LaunchScreen.storyboard in Resources */ = {isa = PBXBuildFile; fileRef = EDEF61FD220CE6CA007D1536 /* LaunchScreen.storyboard */; };
		EDEF6209220CE6FF007D1536 /* ImageManager.swift in Sources */ = {isa = PBXBuildFile; fileRef = EDEF6208220CE6FF007D1536 /* ImageManager.swift */; };
/* End PBXBuildFile section */

/* Begin PBXFileReference section */
		EDEF61F1220CE6C8007D1536 /* HWL9 - Image Viewer.app */ = {isa = PBXFileReference; explicitFileType = wrapper.application; includeInIndex = 0; path = "HWL9 - Image Viewer.app"; sourceTree = BUILT_PRODUCTS_DIR; };
		EDEF61F4220CE6C8007D1536 /* AppDelegate.swift */ = {isa = PBXFileReference; lastKnownFileType = sourcecode.swift; path = AppDelegate.swift; sourceTree = "<group>"; };
		EDEF61F6220CE6C8007D1536 /* ViewController.swift */ = {isa = PBXFileReference; lastKnownFileType = sourcecode.swift; path = ViewController.swift; sourceTree = "<group>"; };
		EDEF61F9220CE6C8007D1536 /* Base */ = {isa = PBXFileReference; lastKnownFileType = file.storyboard; name = Base; path = Base.lproj/Main.storyboard; sourceTree = "<group>"; };
		EDEF61FB220CE6CA007D1536 /* Assets.xcassets */ = {isa = PBXFileReference; lastKnownFileType = folder.assetcatalog; path = Assets.xcassets; sourceTree = "<group>"; };
		EDEF61FE220CE6CA007D1536 /* Base */ = {isa = PBXFileReference; lastKnownFileType = file.storyboard; name = Base; path = Base.lproj/LaunchScreen.storyboard; sourceTree = "<group>"; };
		EDEF6200220CE6CA007D1536 /* Info.plist */ = {isa = PBXFileReference; lastKnownFileType = text.plist.xml; path = Info.plist; sourceTree = "<group>"; };
		EDEF6208220CE6FF007D1536 /* ImageManager.swift */ = {isa = PBXFileReference; lastKnownFileType = sourcecode.swift; path = ImageManager.swift; sourceTree = "<group>"; };
/* End PBXFileReference section */

/* Begin PBXFrameworksBuildPhase section */
		EDEF61EE220CE6C8007D1536 /* Frameworks */ = {
			isa = PBXFrameworksBuildPhase;
			buildActionMask = 2147483647;
			files = (
			);
			runOnlyForDeploymentPostprocessing = 0;
		};
/* End PBXFrameworksBuildPhase section */

/* Begin PBXGroup section */
		EDEF61E8220CE6C8007D1536 = {
			isa = PBXGroup;
			children = (
				EDEF61F3220CE6C8007D1536 /* HWL9 - Image Viewer */,
				EDEF61F2220CE6C8007D1536 /* Products */,
			);
			sourceTree = "<group>";
		};
		EDEF61F2220CE6C8007D1536 /* Products */ = {
			isa = PBXGroup;
			children = (
				EDEF61F1220CE6C8007D1536 /* HWL9 - Image Viewer.app */,
			);
			name = Products;
			sourceTree = "<group>";
		};
		EDEF61F3220CE6C8007D1536 /* HWL9 - Image Viewer */ = {
			isa = PBXGroup;
			children = (
				EDEF61F4220CE6C8007D1536 /* AppDelegate.swift */,
				EDEF61F6220CE6C8007D1536 /* ViewController.swift */,
				EDEF61F8220CE6C8007D1536 /* Main.storyboard */,
				EDEF61FB220CE6CA007D1536 /* Assets.xcassets */,
				EDEF61FD220CE6CA007D1536 /* LaunchScreen.storyboard */,
				EDEF6200220CE6CA007D1536 /* Info.plist */,
				EDEF6208220CE6FF007D1536 /* ImageManager.swift */,
			);
			path = "HWL9 - Image Viewer";
			sourceTree = "<group>";
		};
/* End PBXGroup section */

/* Begin PBXNativeTarget section */
		EDEF61F0220CE6C8007D1536 /* HWL9 - Image Viewer */ = {
			isa = PBXNativeTarget;
			buildConfigurationList = EDEF6203220CE6CA007D1536 /* Build configuration list for PBXNativeTarget "HWL9 - Image Viewer" */;
			buildPhases = (
				EDEF61ED220CE6C8007D1536 /* Sources */,
				EDEF61EE220CE6C8007D1536 /* Frameworks */,
				EDEF61EF220CE6C8007D1536 /* Resources */,
			);
			buildRules = (
			);
			dependencies = (
			);
			name = "HWL9 - Image Viewer";
			productName = "HWL9 - Image Viewer";
			productReference = EDEF61F1220CE6C8007D1536 /* HWL9 - Image Viewer.app */;
			productType = "com.apple.product-type.application";
		};
/* End PBXNativeTarget section */

/* Begin PBXProject section */
		EDEF61E9220CE6C8007D1536 /* Project object */ = {
			isa = PBXProject;
			attributes = {
				LastSwiftUpdateCheck = 1010;
				LastUpgradeCheck = 1010;
				ORGANIZATIONNAME = Kirill;
				TargetAttributes = {
					EDEF61F0220CE6C8007D1536 = {
						CreatedOnToolsVersion = 10.1;
					};
				};
			};
			buildConfigurationList = EDEF61EC220CE6C8007D1536 /* Build configuration list for PBXProject "HWL9 - Image Viewer" */;
			compatibilityVersion = "Xcode 9.3";
			developmentRegion = en;
			hasScannedForEncodings = 0;
			knownRegions = (
				en,
				Base,
			);
			mainGroup = EDEF61E8220CE6C8007D1536;
			productRefGroup = EDEF61F2220CE6C8007D1536 /* Products */;
			projectDirPath = "";
			projectRoot = "";
			targets = (
				EDEF61F0220CE6C8007D1536 /* HWL9 - Image Viewer */,
			);
		};
/* End PBXProject section */

/* Begin PBXResourcesBuildPhase section */
		EDEF61EF220CE6C8007D1536 /* Resources */ = {
			isa = PBXResourcesBuildPhase;
			buildActionMask = 2147483647;
			files = (
				EDEF61FF220CE6CA007D1536 /* LaunchScreen.storyboard in Resources */,
				EDEF61FC220CE6CA007D1536 /* Assets.xcassets in Resources */,
				EDEF61FA220CE6C8007D1536 /* Main.storyboard in Resources */,
			);
			runOnlyForDeploymentPostprocessing = 0;
		};
/* End PBXResourcesBuildPhase section */

/* Begin PBXSourcesBuildPhase section */
		EDEF61ED220CE6C8007D1536 /* Sources */ = {
			isa = PBXSourcesBuildPhase;
			buildActionMask = 2147483647;
			files = (
				EDEF6209220CE6FF007D1536 /* ImageManager.swift in Sources */,
				EDEF61F7220CE6C8007D1536 /* ViewController.swift in Sources */,
				EDEF61F5220CE6C8007D1536 /* AppDelegate.swift in Sources */,
			);
			runOnlyForDeploymentPostprocessing = 0;
		};
/* End PBXSourcesBuildPhase section */

/* Begin PBXVariantGroup section */
		EDEF61F8220CE6C8007D1536 /* Main.storyboard */ = {
			isa = PBXVariantGroup;
			children = (
				EDEF61F9220CE6C8007D1536 /* Base */,
			);
			name = Main.storyboard;
			sourceTree = "<group>";
		};
		EDEF61FD220CE6CA007D1536 /* LaunchScreen.storyboard */ = {
			isa = PBXVariantGroup;
			children = (
				EDEF61FE220CE6CA007D1536 /* Base */,
			);
			name = LaunchScreen.storyboard;
			sourceTree = "<group>";
		};
/* End PBXVariantGroup section */

/* Begin XCBuildConfiguration section */
		EDEF6201220CE6CA007D1536 /* Debug */ = {
			isa = XCBuildConfiguration;
			buildSettings = {
				ALWAYS_SEARCH_USER_PATHS = NO;
				CLANG_ANALYZER_NONNULL = YES;
				CLANG_ANALYZER_NUMBER_OBJECT_CONVERSION = YES_AGGRESSIVE;
				CLANG_CXX_LANGUAGE_STANDARD = "gnu++14";
				CLANG_CXX_LIBRARY = "libc++";
				CLANG_ENABLE_MODULES = YES;
				CLANG_ENABLE_OBJC_ARC = YES;
				CLANG_ENABLE_OBJC_WEAK = YES;
				CLANG_WARN_BLOCK_CAPTURE_AUTORELEASING = YES;
				CLANG_WARN_BOOL_CONVERSION = YES;
				CLANG_WARN_COMMA = YES;
				CLANG_WARN_CONSTANT_CONVERSION = YES;
				CLANG_WARN_DEPRECATED_OBJC_IMPLEMENTATIONS = YES;
				CLANG_WARN_DIRECT_OBJC_ISA_USAGE = YES_ERROR;
				CLANG_WARN_DOCUMENTATION_COMMENTS = YES;
				CLANG_WARN_EMPTY_BODY = YES;
				CLANG_WARN_ENUM_CONVERSION = YES;
				CLANG_WARN_INFINITE_RECURSION = YES;
				CLANG_WARN_INT_CONVERSION = YES;
				CLANG_WARN_NON_LITERAL_NULL_CONVERSION = YES;
				CLANG_WARN_OBJC_IMPLICIT_RETAIN_SELF = YES;
				CLANG_WARN_OBJC_LITERAL_CONVERSION = YES;
				CLANG_WARN_OBJC_ROOT_CLASS = YES_ERROR;
				CLANG_WARN_RANGE_LOOP_ANALYSIS = YES;
				CLANG_WARN_STRICT_PROTOTYPES = YES;
				CLANG_WARN_SUSPICIOUS_MOVE = YES;
				CLANG_WARN_UNGUARDED_AVAILABILITY = YES_AGGRESSIVE;
				CLANG_WARN_UNREACHABLE_CODE = YES;
				CLANG_WARN__DUPLICATE_METHOD_MATCH = YES;
				CODE_SIGN_IDENTITY = "iPhone Developer";
				COPY_PHASE_STRIP = NO;
				DEBUG_INFORMATION_FORMAT = dwarf;
				ENABLE_STRICT_OBJC_MSGSEND = YES;
				ENABLE_TESTABILITY = YES;
				GCC_C_LANGUAGE_STANDARD = gnu11;
				GCC_DYNAMIC_NO_PIC = NO;
				GCC_NO_COMMON_BLOCKS = YES;
				GCC_OPTIMIZATION_LEVEL = 0;
				GCC_PREPROCESSOR_DEFINITIONS = (
					"DEBUG=1",
					"$(inherited)",
				);
				GCC_WARN_64_TO_32_BIT_CONVERSION = YES;
				GCC_WARN_ABOUT_RETURN_TYPE = YES_ERROR;
				GCC_WARN_UNDECLARED_SELECTOR = YES;
				GCC_WARN_UNINITIALIZED_AUTOS = YES_AGGRESSIVE;
				GCC_WARN_UNUSED_FUNCTION = YES;
				GCC_WARN_UNUSED_VARIABLE = YES;
				IPHONEOS_DEPLOYMENT_TARGET = 12.1;
				MTL_ENABLE_DEBUG_INFO = INCLUDE_SOURCE;
				MTL_FAST_MATH = YES;
				ONLY_ACTIVE_ARCH = YES;
				SDKROOT = iphoneos;
				SWIFT_ACTIVE_COMPILATION_CONDITIONS = DEBUG;
				SWIFT_OPTIMIZATION_LEVEL = "-Onone";
			};
			name = Debug;
		};
		EDEF6202220CE6CA007D1536 /* Release */ = {
			isa = XCBuildConfiguration;
			buildSettings = {
				ALWAYS_SEARCH_USER_PATHS = NO;
				CLANG_ANALYZER_NONNULL = YES;
				CLANG_ANALYZER_NUMBER_OBJECT_CONVERSION = YES_AGGRESSIVE;
				CLANG_CXX_LANGUAGE_STANDARD = "gnu++14";
				CLANG_CXX_LIBRARY = "libc++";
				CLANG_ENABLE_MODULES = YES;
				CLANG_ENABLE_OBJC_ARC = YES;
				CLANG_ENABLE_OBJC_WEAK = YES;
				CLANG_WARN_BLOCK_CAPTURE_AUTORELEASING = YES;
				CLANG_WARN_BOOL_CONVERSION = YES;
				CLANG_WARN_COMMA = YES;
				CLANG_WARN_CONSTANT_CONVERSION = YES;
				CLANG_WARN_DEPRECATED_OBJC_IMPLEMENTATIONS = YES;
				CLANG_WARN_DIRECT_OBJC_ISA_USAGE = YES_ERROR;
				CLANG_WARN_DOCUMENTATION_COMMENTS = YES;
				CLANG_WARN_EMPTY_BODY = YES;
				CLANG_WARN_ENUM_CONVERSION = YES;
				CLANG_WARN_INFINITE_RECURSION = YES;
				CLANG_WARN_INT_CONVERSION = YES;
				CLANG_WARN_NON_LITERAL_NULL_CONVERSION = YES;
				CLANG_WARN_OBJC_IMPLICIT_RETAIN_SELF = YES;
				CLANG_WARN_OBJC_LITERAL_CONVERSION = YES;
				CLANG_WARN_OBJC_ROOT_CLASS = YES_ERROR;
				CLANG_WARN_RANGE_LOOP_ANALYSIS = YES;
				CLANG_WARN_STRICT_PROTOTYPES = YES;
				CLANG_WARN_SUSPICIOUS_MOVE = YES;
				CLANG_WARN_UNGUARDED_AVAILABILITY = YES_AGGRESSIVE;
				CLANG_WARN_UNREACHABLE_CODE = YES;
				CLANG_WARN__DUPLICATE_METHOD_MATCH = YES;
				CODE_SIGN_IDENTITY = "iPhone Developer";
				COPY_PHASE_STRIP = NO;
				DEBUG_INFORMATION_FORMAT = "dwarf-with-dsym";
				ENABLE_NS_ASSERTIONS = NO;
				ENABLE_STRICT_OBJC_MSGSEND = YES;
				GCC_C_LANGUAGE_STANDARD = gnu11;
				GCC_NO_COMMON_BLOCKS = YES;
				GCC_WARN_64_TO_32_BIT_CONVERSION = YES;
				GCC_WARN_ABOUT_RETURN_TYPE = YES_ERROR;
				GCC_WARN_UNDECLARED_SELECTOR = YES;
				GCC_WARN_UNINITIALIZED_AUTOS = YES_AGGRESSIVE;
				GCC_WARN_UNUSED_FUNCTION = YES;
				GCC_WARN_UNUSED_VARIABLE = YES;
				IPHONEOS_DEPLOYMENT_TARGET = 12.1;
				MTL_ENABLE_DEBUG_INFO = NO;
				MTL_FAST_MATH = YES;
				SDKROOT = iphoneos;
				SWIFT_COMPILATION_MODE = wholemodule;
				SWIFT_OPTIMIZATION_LEVEL = "-O";
				VALIDATE_PRODUCT = YES;
			};
			name = Release;
		};
		EDEF6204220CE6CA007D1536 /* Debug */ = {
			isa = XCBuildConfiguration;
			buildSettings = {
				ASSETCATALOG_COMPILER_APPICON_NAME = AppIcon;
				CODE_SIGN_STYLE = Automatic;
				INFOPLIST_FILE = "HWL9 - Image Viewer/Info.plist";
				LD_RUNPATH_SEARCH_PATHS = (
					"$(inherited)",
					"@executable_path/Frameworks",
				);
				PRODUCT_BUNDLE_IDENTIFIER = "df.HWL9---Image-Viewer";
				PRODUCT_NAME = "$(TARGET_NAME)";
				SWIFT_VERSION = 4.2;
				TARGETED_DEVICE_FAMILY = "1,2";
			};
			name = Debug;
		};
		EDEF6205220CE6CA007D1536 /* Release */ = {
			isa = XCBuildConfiguration;
			buildSettings = {
				ASSETCATALOG_COMPILER_APPICON_NAME = AppIcon;
				CODE_SIGN_STYLE = Automatic;
				INFOPLIST_FILE = "HWL9 - Image Viewer/Info.plist";
				LD_RUNPATH_SEARCH_PATHS = (
					"$(inherited)",
					"@executable_path/Frameworks",
				);
				PRODUCT_BUNDLE_IDENTIFIER = "df.HWL9---Image-Viewer";
				PRODUCT_NAME = "$(TARGET_NAME)";
				SWIFT_VERSION = 4.2;
				TARGETED_DEVICE_FAMILY = "1,2";
			};
			name = Release;
		};
/* End XCBuildConfiguration section */

/* Begin XCConfigurationList section */
		EDEF61EC220CE6C8007D1536 /* Build configuration list for PBXProject "HWL9 - Image Viewer" */ = {
			isa = XCConfigurationList;
			buildConfigurations = (
				EDEF6201220CE6CA007D1536 /* Debug */,
				EDEF6202220CE6CA007D1536 /* Release */,
			);
			defaultConfigurationIsVisible = 0;
			defaultConfigurationName = Release;
		};
		EDEF6203220CE6CA007D1536 /* Build configuration list for PBXNativeTarget "HWL9 - Image Viewer" */ = {
			isa = XCConfigurationList;
			buildConfigurations = (
				EDEF6204220CE6CA007D1536 /* Debug */,
				EDEF6205220CE6CA007D1536 /* Release */,
			);
			defaultConfigurationIsVisible = 0;
			defaultConfigurationName = Release;
		};
/* End XCConfigurationList section */
	};
	rootObject = EDEF61E9220CE6C8007D1536 /* Project object */;
}
